
Microsoft Visual Studio Solution File, Format Version 12.00
# Visual Studio Version 17
VisualStudioVersion = 17.7.34024.191
MinimumVisualStudioVersion = 10.0.40219.1
Project("{9A19103F-16F7-4668-BE54-9A1E7A4F7556}") = "lab01", "lab01\lab01.csproj", "{BFA2A870-554A-4053-969E-C03790E21FAC}"
EndProject
Project("{9A19103F-16F7-4668-BE54-9A1E7A4F7556}") = "Tests", "Test2\Tests.csproj", "{76E71E7F-E756-42DF-8D78-498DDEED1389}"
EndProject
Global
	GlobalSection(SolutionConfigurationPlatforms) = preSolution
		Debug|Any CPU = Debug|Any CPU
		Release|Any CPU = Release|Any CPU
	EndGlobalSection
	GlobalSection(ProjectConfigurationPlatforms) = postSolution
		{BFA2A870-554A-4053-969E-C03790E21FAC}.Debug|Any CPU.ActiveCfg = Debug|Any CPU
		{BFA2A870-554A-4053-969E-C03790E21FAC}.Debug|Any CPU.Build.0 = Debug|Any CPU
		{BFA2A870-554A-4053-969E-C03790E21FAC}.Release|Any CPU.ActiveCfg = Release|Any CPU
		{BFA2A870-554A-4053-969E-C03790E21FAC}.Release|Any CPU.Build.0 = Release|Any CPU
		{76E71E7F-E756-42DF-8D78-498DDEED1389}.Debug|Any CPU.ActiveCfg = Debug|Any CPU
		{76E71E7F-E756-42DF-8D78-498DDEED1389}.Debug|Any CPU.Build.0 = Debug|Any CPU
		{76E71E7F-E756-42DF-8D78-498DDEED1389}.Release|Any CPU.ActiveCfg = Release|Any CPU
		{76E71E7F-E756-42DF-8D78-498DDEED1389}.Release|Any CPU.Build.0 = Release|Any CPU
	EndGlobalSection
	GlobalSection(SolutionProperties) = preSolution
		HideSolutionNode = FALSE
	EndGlobalSection
	GlobalSection(ExtensibilityGlobals) = postSolution
		SolutionGuid = {3B4E46EA-7E1B-4BDA-80D4-876F22FE9FF7}
	EndGlobalSection
EndGlobal
